
Microsoft Visual Studio Solution File, Format Version 12.00
# Visual Studio Version 17
VisualStudioVersion = 17.10.35027.167
MinimumVisualStudioVersion = 10.0.40219.1
Project("{9A19103F-16F7-4668-BE54-9A1E7A4F7556}") = "MarketMonitor.API", "MarketMonitor\MarketMonitor.API.csproj", "{9186AEF1-A44C-4877-9BB9-7A2FF8F15A62}"
EndProject
Project("{9A19103F-16F7-4668-BE54-9A1E7A4F7556}") = "MarketMonitor.DataStore.SQL", "MarketMonitor.DataStore.SQL\MarketMonitor.DataStore.SQL.csproj", "{B6D0068F-F73E-48D0-861A-E4E4F4D4A113}"
EndProject
Project("{9A19103F-16F7-4668-BE54-9A1E7A4F7556}") = "MarketMonitor.Core", "MarketMonitor.Core\MarketMonitor.Core.csproj", "{7C1863F6-D0C1-460D-8DB9-C6D78B5CE118}"
EndProject
Project("{2150E333-8FDC-42A3-9474-1A3956D46DE8}") = "Core", "Core", "{A4A10E14-F7BC-4F07-A486-79A221587046}"
EndProject
Project("{2150E333-8FDC-42A3-9474-1A3956D46DE8}") = "API", "API", "{312C31BB-ACB0-4D44-A946-F3EC1DE7BBE8}"
EndProject
Project("{2150E333-8FDC-42A3-9474-1A3956D46DE8}") = "ResourceIntegration", "ResourceIntegration", "{A57F0DF9-7676-4C57-A25A-5F783E5BB397}"
EndProject
Project("{9A19103F-16F7-4668-BE54-9A1E7A4F7556}") = "MarketMonitor.Core.Contracts", "MarketMonitor.Core.Contracts\MarketMonitor.Core.Contracts.csproj", "{D80C8AE5-3494-4C6C-84A4-A0CE4C694094}"
EndProject
Project("{9A19103F-16F7-4668-BE54-9A1E7A4F7556}") = "MarketMonitor.DataProvider", "MarketMonitor.DataProvider\MarketMonitor.DataProvider.csproj", "{0C2BB5FA-754C-4226-B940-CA747FC6DB4A}"
EndProject
Project("{9A19103F-16F7-4668-BE54-9A1E7A4F7556}") = "MarketMonitor.RI.Contracts", "MarketMonitor.RI.Contracts\MarketMonitor.RI.Contracts.csproj", "{E1FC7239-E0B5-4C5C-A58C-1962444E1994}"
EndProject
Project("{2150E333-8FDC-42A3-9474-1A3956D46DE8}") = "Tests", "Tests", "{F96A9F6E-220E-4208-A905-B5C8EABFA0AA}"
EndProject
Project("{E53339B2-1760-4266-BCC7-CA923CBCF16C}") = "docker-compose", "docker-compose.dcproj", "{F3EF7D90-723A-45F3-8A1E-B75C23AEB86D}"
EndProject
Project("{FAE04EC0-301F-11D3-BF4B-00C04F79EFBC}") = "MarketMonitor.Tests", "..\MarketMonitor.Tests\MarketMonitor.Tests.csproj", "{46C70FD5-A172-4647-ADA3-76EF83BE22C8}"
EndProject
Global
	GlobalSection(SolutionConfigurationPlatforms) = preSolution
		Debug|Any CPU = Debug|Any CPU
		Release|Any CPU = Release|Any CPU
	EndGlobalSection
	GlobalSection(ProjectConfigurationPlatforms) = postSolution
		{9186AEF1-A44C-4877-9BB9-7A2FF8F15A62}.Debug|Any CPU.ActiveCfg = Debug|Any CPU
		{9186AEF1-A44C-4877-9BB9-7A2FF8F15A62}.Debug|Any CPU.Build.0 = Debug|Any CPU
		{9186AEF1-A44C-4877-9BB9-7A2FF8F15A62}.Release|Any CPU.ActiveCfg = Release|Any CPU
		{9186AEF1-A44C-4877-9BB9-7A2FF8F15A62}.Release|Any CPU.Build.0 = Release|Any CPU
		{B6D0068F-F73E-48D0-861A-E4E4F4D4A113}.Debug|Any CPU.ActiveCfg = Debug|Any CPU
		{B6D0068F-F73E-48D0-861A-E4E4F4D4A113}.Debug|Any CPU.Build.0 = Debug|Any CPU
		{B6D0068F-F73E-48D0-861A-E4E4F4D4A113}.Release|Any CPU.ActiveCfg = Release|Any CPU
		{B6D0068F-F73E-48D0-861A-E4E4F4D4A113}.Release|Any CPU.Build.0 = Release|Any CPU
		{7C1863F6-D0C1-460D-8DB9-C6D78B5CE118}.Debug|Any CPU.ActiveCfg = Debug|Any CPU
		{7C1863F6-D0C1-460D-8DB9-C6D78B5CE118}.Debug|Any CPU.Build.0 = Debug|Any CPU
		{7C1863F6-D0C1-460D-8DB9-C6D78B5CE118}.Release|Any CPU.ActiveCfg = Release|Any CPU
		{7C1863F6-D0C1-460D-8DB9-C6D78B5CE118}.Release|Any CPU.Build.0 = Release|Any CPU
		{D80C8AE5-3494-4C6C-84A4-A0CE4C694094}.Debug|Any CPU.ActiveCfg = Debug|Any CPU
		{D80C8AE5-3494-4C6C-84A4-A0CE4C694094}.Debug|Any CPU.Build.0 = Debug|Any CPU
		{D80C8AE5-3494-4C6C-84A4-A0CE4C694094}.Release|Any CPU.ActiveCfg = Release|Any CPU
		{D80C8AE5-3494-4C6C-84A4-A0CE4C694094}.Release|Any CPU.Build.0 = Release|Any CPU
		{0C2BB5FA-754C-4226-B940-CA747FC6DB4A}.Debug|Any CPU.ActiveCfg = Debug|Any CPU
		{0C2BB5FA-754C-4226-B940-CA747FC6DB4A}.Debug|Any CPU.Build.0 = Debug|Any CPU
		{0C2BB5FA-754C-4226-B940-CA747FC6DB4A}.Release|Any CPU.ActiveCfg = Release|Any CPU
		{0C2BB5FA-754C-4226-B940-CA747FC6DB4A}.Release|Any CPU.Build.0 = Release|Any CPU
		{E1FC7239-E0B5-4C5C-A58C-1962444E1994}.Debug|Any CPU.ActiveCfg = Debug|Any CPU
		{E1FC7239-E0B5-4C5C-A58C-1962444E1994}.Debug|Any CPU.Build.0 = Debug|Any CPU
		{E1FC7239-E0B5-4C5C-A58C-1962444E1994}.Release|Any CPU.ActiveCfg = Release|Any CPU
		{E1FC7239-E0B5-4C5C-A58C-1962444E1994}.Release|Any CPU.Build.0 = Release|Any CPU
		{F3EF7D90-723A-45F3-8A1E-B75C23AEB86D}.Debug|Any CPU.ActiveCfg = Debug|Any CPU
		{F3EF7D90-723A-45F3-8A1E-B75C23AEB86D}.Debug|Any CPU.Build.0 = Debug|Any CPU
		{F3EF7D90-723A-45F3-8A1E-B75C23AEB86D}.Release|Any CPU.ActiveCfg = Release|Any CPU
		{F3EF7D90-723A-45F3-8A1E-B75C23AEB86D}.Release|Any CPU.Build.0 = Release|Any CPU
		{46C70FD5-A172-4647-ADA3-76EF83BE22C8}.Debug|Any CPU.ActiveCfg = Debug|Any CPU
		{46C70FD5-A172-4647-ADA3-76EF83BE22C8}.Debug|Any CPU.Build.0 = Debug|Any CPU
		{46C70FD5-A172-4647-ADA3-76EF83BE22C8}.Release|Any CPU.ActiveCfg = Release|Any CPU
		{46C70FD5-A172-4647-ADA3-76EF83BE22C8}.Release|Any CPU.Build.0 = Release|Any CPU
	EndGlobalSection
	GlobalSection(SolutionProperties) = preSolution
		HideSolutionNode = FALSE
	EndGlobalSection
	GlobalSection(NestedProjects) = preSolution
		{9186AEF1-A44C-4877-9BB9-7A2FF8F15A62} = {312C31BB-ACB0-4D44-A946-F3EC1DE7BBE8}
		{B6D0068F-F73E-48D0-861A-E4E4F4D4A113} = {A57F0DF9-7676-4C57-A25A-5F783E5BB397}
		{7C1863F6-D0C1-460D-8DB9-C6D78B5CE118} = {A4A10E14-F7BC-4F07-A486-79A221587046}
		{D80C8AE5-3494-4C6C-84A4-A0CE4C694094} = {A4A10E14-F7BC-4F07-A486-79A221587046}
		{0C2BB5FA-754C-4226-B940-CA747FC6DB4A} = {A57F0DF9-7676-4C57-A25A-5F783E5BB397}
		{E1FC7239-E0B5-4C5C-A58C-1962444E1994} = {A57F0DF9-7676-4C57-A25A-5F783E5BB397}
		{46C70FD5-A172-4647-ADA3-76EF83BE22C8} = {F96A9F6E-220E-4208-A905-B5C8EABFA0AA}
	EndGlobalSection
	GlobalSection(ExtensibilityGlobals) = postSolution
		SolutionGuid = {6159D49D-AC1A-43C4-8AD9-218F5BACE082}
	EndGlobalSection
EndGlobal
